dependencies:
- name: postgresql
  repository: https://kubernetes-charts.storage.googleapis.com/
  version: 0.13.1
- name: redis
  repository: https://kubernetes-charts.storage.googleapis.com/
  version: 6.4.3
digest: sha256:fcc8af7cfd7b5f053281f032868c3441c04d79f23b3334a6613a196df2d2eef5
generated: 2019-04-03T17:53:33.979454985Z
