dependencies:
- name: cert-manager
  repository: https://kubernetes-charts.storage.googleapis.com/
  version: v0.4.0
- name: prometheus
  repository: https://kubernetes-charts.storage.googleapis.com/
  version: 5.5.3
- name: postgresql
  repository: https://kubernetes-charts.storage.googleapis.com/
  version: 0.12.0
- name: gitlab-runner
  repository: https://charts.gitlab.io/
  version: 0.1.44
digest: sha256:63ac52994d2a3fcda3355cc7053246d4a9d23e37ed9b65ba5e8aaf7a05124fda
generated: 2019-01-21T21:18:51.641259769Z
