dependencies:
- name: prometheus
  repository: https://kubernetes-charts.storage.googleapis.com/
  version: 6.10.0
- name: grafana
  repository: https://kubernetes-charts.storage.googleapis.com/
  version: 2.2.1
digest: sha256:e42190e4b2d6e9c32ed42f2d05125f46e5a9f3c983eb46bc3558ccd179b98e00
generated: 2019-03-25T20:44:35.959724042Z
