dependencies:
- name: cert-manager
  repository: https://kubernetes-charts.storage.googleapis.com/
  version: v0.4.0
- name: prometheus
  repository: https://kubernetes-charts.storage.googleapis.com/
  version: 5.5.3
- name: postgresql
  repository: https://kubernetes-charts.storage.googleapis.com/
  version: 0.12.0
- name: gitlab-runner
  repository: https://charts.gitlab.io/
  version: 0.3.0
digest: sha256:91cf6e78a2335485ebe230a88076ebd93b4f259a966bf5a0440166ba8a546138
generated: 2019-04-02T20:20:42.109842123Z
