dependencies:
- name: cert-manager
  repository: https://kubernetes-charts.storage.googleapis.com/
  version: v0.4.0
- name: prometheus
  repository: https://kubernetes-charts.storage.googleapis.com/
  version: 5.5.3
- name: postgresql
  repository: https://kubernetes-charts.storage.googleapis.com/
  version: 0.12.0
- name: gitlab-runner
  repository: https://charts.gitlab.io/
  version: 0.1.45
digest: sha256:e0340dbb56ea7439d98f98d588bf01bcfb0afe883f4e9afa81cd05600d4e0c2d
generated: 2019-02-05T16:37:42.382409795Z
